{
  "version": "5",
  "redirects": {
    "https://esm.sh/boolbase@^1.0.0?target=denonext": "https://esm.sh/boolbase@1.0.0?target=denonext",
    "https://esm.sh/cheerio-select@^2.1.0?target=denonext": "https://esm.sh/cheerio-select@2.1.0?target=denonext",
    "https://esm.sh/css-select@^5.1.0?target=denonext": "https://esm.sh/css-select@5.2.2?target=denonext",
    "https://esm.sh/css-what@^6.1.0?target=denonext": "https://esm.sh/css-what@6.2.2?target=denonext",
    "https://esm.sh/dom-serializer@^2.0.0?target=denonext": "https://esm.sh/dom-serializer@2.0.0?target=denonext",
    "https://esm.sh/domelementtype@^2.3.0?target=denonext": "https://esm.sh/domelementtype@2.3.0?target=denonext",
    "https://esm.sh/domhandler@^5.0.3?target=denonext": "https://esm.sh/domhandler@5.0.3?target=denonext",
    "https://esm.sh/domutils@^3.0.1?target=denonext": "https://esm.sh/domutils@3.2.2?target=denonext",
    "https://esm.sh/entities@^4.2.0?target=denonext": "https://esm.sh/entities@4.5.0?target=denonext",
    "https://esm.sh/entities@^4.4.0/lib/decode?target=denonext": "https://esm.sh/entities@4.5.0/lib/decode?target=denonext",
    "https://esm.sh/entities@^6.0.0/decode?target=denonext": "https://esm.sh/entities@6.0.1/decode?target=denonext",
    "https://esm.sh/entities@^6.0.0/escape?target=denonext": "https://esm.sh/entities@6.0.1/escape?target=denonext",
    "https://esm.sh/htmlparser2@^8.0.1?target=denonext": "https://esm.sh/htmlparser2@8.0.2?target=denonext",
    "https://esm.sh/nth-check@^2.0.1?target=denonext": "https://esm.sh/nth-check@2.1.1?target=denonext",
    "https://esm.sh/parse5-htmlparser2-tree-adapter@^7.0.0?target=denonext": "https://esm.sh/parse5-htmlparser2-tree-adapter@7.1.0?target=denonext",
    "https://esm.sh/parse5@^7.0.0?target=denonext": "https://esm.sh/parse5@7.3.0?target=denonext"
  },
  "remote": {
    "https://deno.land/std@0.168.0/async/abortable.ts": "80b2ac399f142cc528f95a037a7d0e653296352d95c681e284533765961de409",
    "https://deno.land/std@0.168.0/async/deadline.ts": "2c2deb53c7c28ca1dda7a3ad81e70508b1ebc25db52559de6b8636c9278fd41f",
    "https://deno.land/std@0.168.0/async/debounce.ts": "60301ffb37e730cd2d6f9dadfd0ecb2a38857681bd7aaf6b0a106b06e5210a98",
    "https://deno.land/std@0.168.0/async/deferred.ts": "77d3f84255c3627f1cc88699d8472b664d7635990d5358c4351623e098e917d6",
    "https://deno.land/std@0.168.0/async/delay.ts": "5a9bfba8de38840308a7a33786a0155a7f6c1f7a859558ddcec5fe06e16daf57",
    "https://deno.land/std@0.168.0/async/mod.ts": "7809ad4bb223e40f5fdc043e5c7ca04e0e25eed35c32c3c32e28697c553fa6d9",
    "https://deno.land/std@0.168.0/async/mux_async_iterator.ts": "770a0ff26c59f8bbbda6b703a2235f04e379f73238e8d66a087edc68c2a2c35f",
    "https://deno.land/std@0.168.0/async/pool.ts": "6854d8cd675a74c73391c82005cbbe4cc58183bddcd1fbbd7c2bcda42b61cf69",
    "https://deno.land/std@0.168.0/async/retry.ts": "e8e5173623915bbc0ddc537698fa418cf875456c347eda1ed453528645b42e67",
    "https://deno.land/std@0.168.0/async/tee.ts": "3a47cc4e9a940904fd4341f0224907e199121c80b831faa5ec2b054c6d2eff5e",
    "https://deno.land/std@0.168.0/http/server.ts": "e99c1bee8a3f6571ee4cdeb2966efad465b8f6fe62bec1bdb59c1f007cc4d155",
    "https://esm.sh/boolbase@1.0.0/denonext/boolbase.mjs": "70e9521b9532b5e4dc0c807422529b15b4452663dbdb70dff9c7b65d0ff2e3cb",
    "https://esm.sh/boolbase@1.0.0?target=denonext": "5d10bc2e0fb13eedfc6859bffbeb5a6f08679797fa8740c7d821841c2e22945f",
    "https://esm.sh/cheerio-select@2.1.0/denonext/cheerio-select.mjs": "755b7da4011b67a75d1140d76c503cd6929c7213454debf5b6ebc086b73fa9d9",
    "https://esm.sh/cheerio-select@2.1.0?target=denonext": "ae26d1996b4bb1d701cb7095e1c2ed7310e5fe88c3786efc26ceb6168ce1513d",
    "https://esm.sh/cheerio@1.0.0-rc.12": "fce7bbfff7de7d2c635a798ea80e9a8beb5284c394c79d76afbe6d7b9675e7c0",
    "https://esm.sh/cheerio@1.0.0-rc.12/denonext/cheerio.mjs": "b4ca825480bc25536b37570eacb6693d4c6d2371033ff2e5e32ceedc8f01e42f",
    "https://esm.sh/cheerio@1.0.0-rc.12/denonext/lib/esm/load.mjs": "f5493a87fd62b2c4e19185a1e1a3ed93d5b2becfb7b46bfccc9ac16943883821",
    "https://esm.sh/cheerio@1.0.0-rc.12/denonext/lib/esm/options.mjs": "382ade1b80a105b9d83e74f4c87e2cb27ebc0b3304c7b7094443b2f191f7b881",
    "https://esm.sh/cheerio@1.0.0-rc.12/denonext/lib/esm/parse.mjs": "924fbfd7fa9528fb593ee0ad0f678196c076f1f3d733cbbb0a19f718e5796b5f",
    "https://esm.sh/cheerio@1.0.0-rc.12/denonext/lib/esm/static.mjs": "5b6fe5cefd4a13f0692930f81e5a3667ddf45051910bf74276fb584605aacbd7",
    "https://esm.sh/cheerio@1.0.0-rc.12/denonext/lib/esm/types.mjs": "548363e175a73fe23431f9959f0c4e942d9f9f107dbb5a3367f6a4e4f4129beb",
    "https://esm.sh/cheerio@1.0.0-rc.12/denonext/lib/utils.mjs": "53ba8383160d9a7cee7d7c8db9b680ba276c2439f391fc8395b64eac5d5c5a35",
    "https://esm.sh/css-select@5.2.2/denonext/css-select.mjs": "db6e191df366250412483170f6cc25b8416b86b7cbfc85b386de2aa92712924b",
    "https://esm.sh/css-select@5.2.2?target=denonext": "6a1bffb076b7b4260cd1c62d3be28be32fdc7c9260a22f2402f218cb12beb440",
    "https://esm.sh/css-what@6.2.2/denonext/css-what.mjs": "9c9b079c45f30d5392006f8225f9322564898dd23888e9e6740e25955d37e204",
    "https://esm.sh/css-what@6.2.2?target=denonext": "74e16b118fb7045d5c136d4deaa3473627c8d10eb1fd7d0ab29ae5f588bec979",
    "https://esm.sh/dom-serializer@2.0.0/denonext/dom-serializer.mjs": "545028b1d2c25bae5cbfe6930a28a2e4f7f05e1a0d09bbd0f3f5f9a33df8e3bd",
    "https://esm.sh/dom-serializer@2.0.0?target=denonext": "1626b2b8326556ea2816b5f9bf7522bc9581d545fd9ad117c066ab7a5ff1fb89",
    "https://esm.sh/domelementtype@2.3.0/denonext/domelementtype.mjs": "4f3b57348729cd517560139eb1969ca2fe9cc58c5188abe56e7336d5cb557cc0",
    "https://esm.sh/domelementtype@2.3.0?target=denonext": "2beb2a1e3d18892a9b00ef9528811b93f613a77d2b6fb25376ec0f109ac48a4f",
    "https://esm.sh/domhandler@5.0.3/denonext/domhandler.mjs": "3fb258a3d79bc9066a568bb6b09ce946d1fcfa2636a24ae80a4db220956e0873",
    "https://esm.sh/domhandler@5.0.3?target=denonext": "298fde249b7bff9e80667cfe643e7d4b390871b77b0928d086ce4c0b8fc570e2",
    "https://esm.sh/domutils@3.2.2/denonext/domutils.mjs": "f0b4e80e73810ed6f3d8c4e1822feef89208f32c88b6024a84328d02f5f77c40",
    "https://esm.sh/domutils@3.2.2?target=denonext": "7e487176c61dfd1dfdbcfd1195e7329a64f53421511561b69c570a6cff0a6167",
    "https://esm.sh/entities@4.5.0/denonext/entities.mjs": "4a9306e4021ae1079e83b5db26e1678c536fa69c8f2839802bc3cc43282cef08",
    "https://esm.sh/entities@4.5.0/denonext/lib/decode.mjs": "ef22e25f6bca668e40c4f7d4ecaebe2172a833a18372d55b54f997d0d8702dcd",
    "https://esm.sh/entities@4.5.0/denonext/lib/escape.mjs": "116aef78e5ff05efa6f79851b8b59da025ab88f5c25d2262f73df98f4d57c3fa",
    "https://esm.sh/entities@4.5.0/lib/decode?target=denonext": "488bc8401a0c85a76527d61a41352c5371904aeda57a136eb10ccfadcd2f7c8c",
    "https://esm.sh/entities@4.5.0?target=denonext": "f6bc559c07f40e94b3ef50f0b24e2666a2258db3b6697bf4da8fd2fc014ef7a1",
    "https://esm.sh/entities@6.0.1/decode?target=denonext": "3ccc9b5e285ac182223bec6c9e053ff17814f4d27a31b8abafe35d3b684faaa7",
    "https://esm.sh/entities@6.0.1/denonext/decode.mjs": "0e11dc867c49cd73eaa3de858276b02727bf6a3e1e5a84be72722cba08697b7d",
    "https://esm.sh/entities@6.0.1/denonext/escape.mjs": "f23f7faf0499133a54a93a5dc4276f08793b2bb36b539b1bacddcc3b1e746aca",
    "https://esm.sh/entities@6.0.1/escape?target=denonext": "c3df42c65816226666e5a0560e68e3c058a184684488a26b3dedce05eaa329e2",
    "https://esm.sh/htmlparser2@8.0.2/denonext/htmlparser2.mjs": "c0be0f190e625b82e88378875016f820a38d586e9c885d37e3dd2073a4f0fdfb",
    "https://esm.sh/htmlparser2@8.0.2/denonext/lib/esm/Parser.mjs": "d58fb2f87f8fead8e7ac03c544690908b4db21ab0513415b0cfe9311ab31aaa3",
    "https://esm.sh/htmlparser2@8.0.2/denonext/lib/esm/Tokenizer.mjs": "09109e601c7acd75b99c2a34e53e339a46301d9937e1495eaca8f9019a7b3040",
    "https://esm.sh/htmlparser2@8.0.2?target=denonext": "fd3edaa58a00e79f11b3510cc3930c9f5345486cdcc52c0afe24bbb36aece028",
    "https://esm.sh/nth-check@2.1.1/denonext/nth-check.mjs": "2b0541d4564b27c31b37b006329c64036bee04a4c8f14e8357037fd7d35ecfe4",
    "https://esm.sh/nth-check@2.1.1?target=denonext": "689135c5e0e825a2a89058636f1b3a497040597c17de9107c703e9d764d22e25",
    "https://esm.sh/parse5-htmlparser2-tree-adapter@7.1.0/denonext/parse5-htmlparser2-tree-adapter.mjs": "7bfd000e678a20d0648da01bf5a9bc85188b3d10e4e079525324d336d9a4a4a2",
    "https://esm.sh/parse5-htmlparser2-tree-adapter@7.1.0?target=denonext": "c3f6c7adc65cd1bc13b5fb95d1cd40cdb1250d49488c5252156d3fde0947b0e4",
    "https://esm.sh/parse5@7.3.0/denonext/parse5.mjs": "39564d89f13b5d701ac8f869caea8660ada421fcd19ef2234adfd935cf7cf27e",
    "https://esm.sh/parse5@7.3.0?target=denonext": "898a8cf4c02510b1cd0f90c9dffdfe9229f31f2dec425310da4404d472137f2e"
  },
  "workspace": {
    "dependencies": [
      "jsr:@supabase/functions-js@2",
      "npm:@supabase/server@1"
    ]
  }
}
