{
  "version": "5",
  "specifiers": {
    "jsr:@std/encoding@*": "1.0.11"
  },
  "jsr": {
    "@std/encoding@1.0.11": {
      "integrity": "e7cef2f0b3153bccc17431e7c864a1de03a4b6d9647389c43e08aaa775d37385"
    }
  },
  "redirects": {
    "https://esm.sh/@google/genai": "https://esm.sh/@google/genai@2.17.1",
    "https://esm.sh/p-retry@^4.6.2?target=denonext": "https://esm.sh/p-retry@4.6.2?target=denonext",
    "https://esm.sh/retry@^0.13.1?target=denonext": "https://esm.sh/retry@0.13.1?target=denonext"
  },
  "remote": {
    "https://esm.sh/@google/genai@2.17.1": "61a8d35d39c2bc2c6c482c7b73cfc8d8aeebe9c792f84284bc10b30b82548cc7",
    "https://esm.sh/@google/genai@2.17.1/denonext/genai.mjs": "f564ca816bdd10c395c9ec40edb46ebda9023c487e855eb44d7e5cebf0fdd8dd",
    "https://esm.sh/p-retry@4.6.2/denonext/p-retry.mjs": "201a432807b70b43475e6d40db8d51ecee8307925878b365a748587bccccd929",
    "https://esm.sh/p-retry@4.6.2?target=denonext": "ccfadc4b5fb4a29393fa61e869c925e99b1304e605ccb8d7930ffec0260e0576",
    "https://esm.sh/retry@0.13.1/denonext/retry.mjs": "5c13e3bef93acedbd39ce3721c8721730dcfc03f241849463a81f00ad5e67819",
    "https://esm.sh/retry@0.13.1?target=denonext": "dacad23319e574ff0f3f99524f394c14a71edebcee0b47a8a1f6213238e76fde"
  },
  "workspace": {
    "packageJson": {
      "dependencies": [
        "npm:@aparajita/capacitor-secure-storage@8",
        "npm:@capacitor-community/background-geolocation@^1.2.26",
        "npm:@capacitor-community/file-opener@^8.0.1",
        "npm:@capacitor-community/in-app-review@8",
        "npm:@capacitor-community/keep-awake@^8.0.1",
        "npm:@capacitor-community/safe-area@^8.0.1",
        "npm:@capacitor-community/speech-recognition@^7.0.1",
        "npm:@capacitor-community/sqlite@^8.1.0",
        "npm:@capacitor-community/text-to-speech@^8.0.2",
        "npm:@capacitor-firebase/analytics@^8.3.0",
        "npm:@capacitor-firebase/app@^8.3.0",
        "npm:@capacitor-firebase/authentication@^8.3.0",
        "npm:@capacitor-firebase/crashlytics@^8.3.0",
        "npm:@capacitor-firebase/messaging@^8.3.0",
        "npm:@capacitor-mlkit/barcode-scanning@^8.1.0",
        "npm:@capacitor-mlkit/document-scanner@8",
        "npm:@capacitor-mlkit/text-recognition@8",
        "npm:@capacitor/action-sheet@^8.1.1",
        "npm:@capacitor/android@^8.4.1",
        "npm:@capacitor/app-launcher@^8.0.1",
        "npm:@capacitor/app@^8.1.0",
        "npm:@capacitor/assets@^3.0.5",
        "npm:@capacitor/browser@^8.0.3",
        "npm:@capacitor/camera@^8.2.1",
        "npm:@capacitor/cli@^8.4.1",
        "npm:@capacitor/clipboard@^8.0.1",
        "npm:@capacitor/core@^8.4.1",
        "npm:@capacitor/device@^8.0.3",
        "npm:@capacitor/dialog@^8.0.1",
        "npm:@capacitor/filesystem@^8.1.2",
        "npm:@capacitor/geolocation@^8.2.0",
        "npm:@capacitor/haptics@^8.0.2",
        "npm:@capacitor/ios@^8.4.1",
        "npm:@capacitor/keyboard@^8.0.5",
        "npm:@capacitor/local-notifications@^8.2.0",
        "npm:@capacitor/network@^8.0.1",
        "npm:@capacitor/preferences@^8.0.1",
        "npm:@capacitor/screen-orientation@^8.0.1",
        "npm:@capacitor/share@^8.0.1",
        "npm:@capacitor/splash-screen@^8.0.1",
        "npm:@capacitor/toast@^8.0.1",
        "npm:@capawesome/capacitor-app-shortcuts@8",
        "npm:@capawesome/capacitor-app-update@^8.0.3",
        "npm:@capawesome/capacitor-background-task@8",
        "npm:@capawesome/capacitor-badge@8",
        "npm:@capawesome/capacitor-maps-launcher@~0.1.1",
        "npm:@capgo/capacitor-media-session@8",
        "npm:@capgo/native-purchases@^8.6.4",
        "npm:@dnd-kit/core@^6.3.1",
        "npm:@dnd-kit/sortable@10",
        "npm:@dnd-kit/utilities@^3.2.2",
        "npm:@eslint/js@^9.32.0",
        "npm:@hookform/resolvers@^3.10.0",
        "npm:@nivo/bar@0.99",
        "npm:@nivo/line@0.99",
        "npm:@nivo/pie@0.99",
        "npm:@playwright/test@^1.57.0",
        "npm:@radix-ui/react-accordion@^1.2.11",
        "npm:@radix-ui/react-alert-dialog@^1.1.14",
        "npm:@radix-ui/react-aspect-ratio@^1.1.7",
        "npm:@radix-ui/react-avatar@^1.1.10",
        "npm:@radix-ui/react-checkbox@^1.3.2",
        "npm:@radix-ui/react-collapsible@^1.1.11",
        "npm:@radix-ui/react-context-menu@^2.2.15",
        "npm:@radix-ui/react-dialog@^1.1.14",
        "npm:@radix-ui/react-dropdown-menu@^2.1.15",
        "npm:@radix-ui/react-hover-card@^1.1.14",
        "npm:@radix-ui/react-label@^2.1.7",
        "npm:@radix-ui/react-menubar@^1.1.15",
        "npm:@radix-ui/react-navigation-menu@^1.2.13",
        "npm:@radix-ui/react-popover@^1.1.14",
        "npm:@radix-ui/react-progress@^1.1.7",
        "npm:@radix-ui/react-radio-group@^1.3.7",
        "npm:@radix-ui/react-scroll-area@^1.2.9",
        "npm:@radix-ui/react-select@^2.2.5",
        "npm:@radix-ui/react-separator@^1.1.7",
        "npm:@radix-ui/react-slider@^1.3.5",
        "npm:@radix-ui/react-slot@^1.2.3",
        "npm:@radix-ui/react-switch@^1.2.5",
        "npm:@radix-ui/react-tabs@^1.1.12",
        "npm:@radix-ui/react-toast@^1.2.14",
        "npm:@radix-ui/react-toggle-group@^1.1.10",
        "npm:@radix-ui/react-toggle@^1.1.9",
        "npm:@radix-ui/react-tooltip@^1.2.7",
        "npm:@react-pdf/renderer@^4.3.2",
        "npm:@react-three/drei@^10.7.8",
        "npm:@react-three/fiber@^9.7.0",
        "npm:@remotion/player@^4.0.494",
        "npm:@remotion/transitions@^4.0.494",
        "npm:@rive-app/react-canvas@^4.31.0",
        "npm:@splinetool/react-spline@^4.1.0",
        "npm:@splinetool/runtime@^1.12.98",
        "npm:@supabase/supabase-js@^2.112.0",
        "npm:@tailwindcss/typography@~0.5.16",
        "npm:@tanstack/query-async-storage-persister@^5.101.2",
        "npm:@tanstack/query-sync-storage-persister@^5.101.2",
        "npm:@tanstack/react-query-persist-client@^5.101.2",
        "npm:@tanstack/react-query@^5.83.0",
        "npm:@tanstack/react-virtual@^3.13.23",
        "npm:@testing-library/jest-dom@^6.6.0",
        "npm:@testing-library/react@16",
        "npm:@types/d3-hierarchy@^3.1.7",
        "npm:@types/dagre@~0.7.54",
        "npm:@types/leaflet@^1.9.21",
        "npm:@types/node-forge@^1.3.14",
        "npm:@types/node@^22.16.5",
        "npm:@types/qrcode@^1.5.6",
        "npm:@types/react-dom@^18.3.7",
        "npm:@types/react@^18.3.23",
        "npm:@types/three@~0.185.4",
        "npm:@vercel/analytics@1.4.1",
        "npm:@vercel/speed-insights@1.1.0",
        "npm:@vitejs/plugin-legacy@^8.0.1",
        "npm:@vitejs/plugin-react-swc@^3.11.0",
        "npm:@xyflow/react@^12.10.2",
        "npm:autoprefixer@^10.4.21",
        "npm:capacitor-voice-recorder@^7.0.6",
        "npm:cfb@^1.2.2",
        "npm:class-variance-authority@~0.7.1",
        "npm:clsx@^2.1.1",
        "npm:cmdk@^1.1.1",
        "npm:d3-hierarchy@^3.1.2",
        "npm:dagre@~0.8.5",
        "npm:date-fns@^3.6.0",
        "npm:dexie@^4.4.1",
        "npm:dotenv@^17.4.2",
        "npm:electron-builder@25",
        "npm:electron@33",
        "npm:embla-carousel-autoplay@^8.6.0",
        "npm:embla-carousel-react@^8.6.0",
        "npm:eslint-plugin-react-hooks@^5.2.0",
        "npm:eslint-plugin-react-refresh@~0.4.20",
        "npm:eslint@^9.32.0",
        "npm:firebase@^12.16.0",
        "npm:framer-motion@^12.38.0",
        "npm:fuse.js@^7.1.0",
        "npm:globals@^15.15.0",
        "npm:googleapis@^174.0.1",
        "npm:html2canvas@^1.4.1",
        "npm:idb-keyval@^6.2.2",
        "npm:input-otp@^1.4.2",
        "npm:jeep-sqlite@^2.8.0",
        "npm:jsdom@^20.0.3",
        "npm:jspdf@^4.2.1",
        "npm:leaflet@^1.9.4",
        "npm:lottie-react@^2.4.1",
        "npm:lovable-tagger@^1.1.13",
        "npm:lucide-react@0.462",
        "npm:mammoth@^1.12.0",
        "npm:next-themes@0.3",
        "npm:node-forge@^1.4.0",
        "npm:page-flip@^2.0.7",
        "npm:pdfjs-dist@^6.1.200",
        "npm:phaser@^4.2.1",
        "npm:pixi.js@^8.19.0",
        "npm:playwright@^1.62.1",
        "npm:postcss@^8.5.6",
        "npm:postgres@^3.4.9",
        "npm:qrcode@^1.5.4",
        "npm:react-colorful@^5.6.1",
        "npm:react-day-picker@^8.10.1",
        "npm:react-dom@^18.3.1",
        "npm:react-hook-form@^7.61.1",
        "npm:react-hotkeys-hook@^5.2.4",
        "npm:react-icons@^5.7.0",
        "npm:react-leaflet@^4.2.1",
        "npm:react-markdown@^10.1.0",
        "npm:react-pageflip@^2.0.3",
        "npm:react-resizable-panels@^2.1.9",
        "npm:react-router-dom@^6.30.1",
        "npm:react-share@^5.3.0",
        "npm:react-window-infinite-loader@^2.0.1",
        "npm:react@^18.3.1",
        "npm:recharts@^2.15.4",
        "npm:remark-breaks@4",
        "npm:remark-gfm@^4.0.1",
        "npm:remotion@^4.0.494",
        "npm:send-intent@7",
        "npm:sharp@~0.35.3",
        "npm:sonner@^1.7.4",
        "npm:sql.js@1.10.1",
        "npm:supabase@^2.112.0",
        "npm:swiper@^12.1.3",
        "npm:tailwind-merge@^2.6.0",
        "npm:tailwindcss-animate@^1.0.7",
        "npm:tailwindcss@^3.4.17",
        "npm:terser@^5.46.1",
        "npm:tesseract.js@7",
        "npm:three@~0.185.1",
        "npm:typescript-eslint@^8.38.0",
        "npm:typescript@^5.8.3",
        "npm:vaul@~0.9.9",
        "npm:vite-plugin-compression@~0.5.1",
        "npm:vite@^5.4.19",
        "npm:vitest@^3.2.4",
        "npm:web-vitals@6",
        "npm:xlsx@~0.18.5",
        "npm:zod@^3.25.76",
        "npm:zustand@^5.0.12"
      ]
    }
  }
}
