{
  "version": "5",
  "specifiers": {
    "npm:@supabase/supabase-js@*": "2.112.3",
    "npm:dotenv@*": "17.4.2",
    "npm:fast-xml-parser@*": "5.11.1",
    "npm:ytpl@*": "2.3.0"
  },
  "npm": {
    "@nodable/entities@3.0.0": {
      "integrity": "sha512-8L9xFeTYKhm49xfIypoe2W5wV1m/3Z58kT+7kR9A8OyFxcPduI4VmxaUMQyKYrRjUoLLSXv6EKKID5Tvj9cUVw=="
    },
    "@supabase/auth-js@2.112.3": {
      "integrity": "sha512-NA0rsgAlWZPvbhw8aUdmgfpHVgUAcd8zK5ov43l++o1bLIPXZhRiAlRobhwF5AatQuovpqxsMH50F4oyyV4XZw==",
      "dependencies": [
        "tslib"
      ]
    },
    "@supabase/functions-js@2.112.3": {
      "integrity": "sha512-gfv481mTOVWtZIJgXupxZpni2V2UWPf6jeF/jOK7HdMHdH+mt6sU0sHHwf0POsPip8ltlulu9OUHgwVzl5ddRw==",
      "dependencies": [
        "tslib"
      ]
    },
    "@supabase/phoenix@0.4.5": {
      "integrity": "sha512-aAn9H9ovVyeApKy11OWOrrOGq8DV68yWeH4ud2lN9fzn4aO8Zb5GLL9m1pUg9nLqIcT+ZDfAcsZe0E/nqdv2lw=="
    },
    "@supabase/postgrest-js@2.112.3": {
      "integrity": "sha512-+Mf6uCpzr00bqxwX8hTK2X2L9eAL/1vuOjdEjx6upz9ulb0RmQT16XeU/JkMUlVHw/B46ZnPa2busY4Kd9YCzw==",
      "dependencies": [
        "tslib"
      ]
    },
    "@supabase/realtime-js@2.112.3": {
      "integrity": "sha512-E6wljXWs7DUOloyIB69i3YFInWE6IyCvgTAbQ0KYxOHv26FdA1KzEXTuzxrYEdf70t406Z9BRwUlGyclGF2FXA==",
      "dependencies": [
        "@supabase/phoenix",
        "tslib"
      ]
    },
    "@supabase/storage-js@2.112.3": {
      "integrity": "sha512-oSK61tzlUvg+BWPqpKQCu9qqonsO26btaoAR9D6Gest2aj7xUqToj9rKyaoYOJczkhg9BjqA1REbYy9tPI4bDA==",
      "dependencies": [
        "iceberg-js",
        "tslib"
      ]
    },
    "@supabase/supabase-js@2.112.3": {
      "integrity": "sha512-Jv1bxVQmEJNkjvPEhFaKjPzsh+Ozyew6lWGD+SoYcsclDEP1z7yEvKvfUQfzy0DkxRIQnZNxmmWtAzw5XLTQoA==",
      "dependencies": [
        "@supabase/auth-js",
        "@supabase/functions-js",
        "@supabase/postgrest-js",
        "@supabase/realtime-js",
        "@supabase/storage-js"
      ]
    },
    "anynum@1.0.1": {
      "integrity": "sha512-N6//FLET/tXYNM/F6ABca1oH6fWB+KlTt909Le28WMDBk8oaT4vY17DCrwg2MvmuqUKt3Ni4N5dGJ/EoBgcO6A=="
    },
    "dotenv@17.4.2": {
      "integrity": "sha512-nI4U3TottKAcAD9LLud4Cb7b2QztQMUEfHbvhTH09bqXTxnSie8WnjPALV/WMCrJZ6UV/qHJ6L03OqO3LcdYZw=="
    },
    "fast-xml-builder@1.3.1": {
      "integrity": "sha512-pIM/1n3ntFXKYrUZwW7QCK0gAW7XY+wzj1YMIV3tLDvPj/V+zTGJK5e3/4WJfwj0qWw2ElNXiTixda/R+3YSug==",
      "dependencies": [
        "path-expression-matcher",
        "xml-naming"
      ]
    },
    "fast-xml-parser@5.11.1": {
      "integrity": "sha512-TBw6K/fxoQGGjCmZDw9w/ZwP3uDcnTM4YH/g+PFRWr8sbe5idXtxNN6vITh4+1ruCZaho6uBFurElsA7F0zzgw==",
      "dependencies": [
        "@nodable/entities",
        "fast-xml-builder",
        "is-unsafe",
        "path-expression-matcher",
        "strnum",
        "xml-naming"
      ],
      "bin": true
    },
    "iceberg-js@0.8.1": {
      "integrity": "sha512-1dhVQZXhcHje7798IVM+xoo/1ZdVfzOMIc8/rgVSijRK38EDqOJoGula9N/8ZI5RD8QTxNQtK/Gozpr+qUqRRA=="
    },
    "is-unsafe@2.0.2": {
      "integrity": "sha512-HgbIHPBH0KHHCcjLfGsCvhtPTVxjaAZlXjwdz7/GQC40SjSe4sfQsar8J5VFo8JOSbarkpV0OLG95bbaNd9aAQ=="
    },
    "miniget@4.2.3": {
      "integrity": "sha512-SjbDPDICJ1zT+ZvQwK0hUcRY4wxlhhNpHL9nJOB2MEAXRGagTljsO8MEDzQMTFf0Q8g4QNi8P9lEm/g7e+qgzA=="
    },
    "path-expression-matcher@1.6.2": {
      "integrity": "sha512-enSlaiat05iasnzmgNxRj8reFdj3puY2QpNgP1aPIaVfT6nn9ICuPoFlKHk8EN22HcwewshO+mN2DGbkCEOtqQ=="
    },
    "strnum@2.4.2": {
      "integrity": "sha512-rDG3Ah4TV0k1hWvLSzkZtMmLN9+eS+h3knq4MP6A42Y3Yh5qGNnOUs1jJkoSr8FG5dsL28c7KgkIBzSEykqtuw==",
      "dependencies": [
        "anynum"
      ]
    },
    "tslib@2.8.1": {
      "integrity": "sha512-oJFu94HQb+KVduSUQL7wnpmqnfmLsOA/nAh6b6EH0wCEoK0/mPeXU6c3wKDV83MkOuHPRHtSXKKU99IBazS/2w=="
    },
    "xml-naming@0.3.0": {
      "integrity": "sha512-ghig2TBE/H11aOVgmahA3MhimvkBr6JIYknH/Dhdk10nXwdbIqBJsbfMxpvFPG8bAw77gN29aQWvKpmVoPlvPQ=="
    },
    "ytpl@2.3.0": {
      "integrity": "sha512-Cfw2rxq3PFK6qgWr2Z8gsRefVahEzbn9XEuiJldqdXHE6GhO7kTfEvbZKdfXing1SmgW635uJ/UL2g8r0fvu2Q==",
      "dependencies": [
        "miniget"
      ],
      "deprecated": true
    }
  },
  "redirects": {
    "https://esm.sh/@supabase/node-fetch@^2.6.14?target=denonext": "https://esm.sh/@supabase/node-fetch@2.6.15?target=denonext",
    "https://esm.sh/bufferutil@^4.0.1?target=denonext": "https://esm.sh/bufferutil@4.1.0?target=denonext",
    "https://esm.sh/node-gyp-build@^4.3.0?target=denonext": "https://esm.sh/node-gyp-build@4.8.4?target=denonext",
    "https://esm.sh/tr46@~0.0.3?target=denonext": "https://esm.sh/tr46@0.0.3?target=denonext",
    "https://esm.sh/utf-8-validate@%3E=5.0.2?target=denonext": "https://esm.sh/utf-8-validate@6.0.6?target=denonext",
    "https://esm.sh/webidl-conversions@^3.0.0?target=denonext": "https://esm.sh/webidl-conversions@3.0.1?target=denonext",
    "https://esm.sh/whatwg-url@^5.0.0?target=denonext": "https://esm.sh/whatwg-url@5.0.0?target=denonext",
    "https://esm.sh/ws@^8.14.2?target=denonext": "https://esm.sh/ws@8.22.0?target=denonext"
  },
  "remote": {
    "https://esm.sh/@supabase/auth-js@2.65.0/denonext/auth-js.mjs": "b0dae93271b199b26f7990e9091ecd2556125f2bfe1c9a443893bf0519908858",
    "https://esm.sh/@supabase/functions-js@2.4.1/denonext/functions-js.mjs": "0dfa81270bba8ae5af371b273a564203b4625b3a18e70774235b0b46ef40d940",
    "https://esm.sh/@supabase/node-fetch@2.6.15/denonext/node-fetch.mjs": "0bae9052231f4f6dbccc7234d05ea96923dbf967be12f402764580b6bf9f713d",
    "https://esm.sh/@supabase/node-fetch@2.6.15?target=denonext": "4d28c4ad97328403184353f68434f2b6973971507919e9150297413664919cf3",
    "https://esm.sh/@supabase/postgrest-js@1.16.1/denonext/postgrest-js.mjs": "1c62b0354f3bcf923c92a1bce3fea042ec76abc51d3aac4b53957fcb0854428a",
    "https://esm.sh/@supabase/realtime-js@2.10.2/denonext/realtime-js.mjs": "3a5a350e881736135ec1bd8c4361c96edeb647d3c56be7cf3a68eddfaf3ce242",
    "https://esm.sh/@supabase/storage-js@2.7.0/denonext/storage-js.mjs": "e831f9ac91b49f5e7026879efa7b61a360bc1c4b9fa2dd9890432c2e877a6611",
    "https://esm.sh/@supabase/supabase-js@2.45.4": "1108d69216995335d057dbd15907caaf514a4d1ef082f097050573b9d589a57c",
    "https://esm.sh/@supabase/supabase-js@2.45.4/denonext/supabase-js.mjs": "8d7c017f03473b9c0f9cd1be611dc51d8c4f359183ece1fcffda731ccc55aba3",
    "https://esm.sh/bufferutil@4.1.0/denonext/bufferutil.mjs": "9b6e81087bdc57848ad1de1f8618ebbace98ebd9ff6cab51260b48c2a045a9c9",
    "https://esm.sh/bufferutil@4.1.0?target=denonext": "aaa2a112199593ccc40da1aedf5124779862ea166afb0a8529f04f907001428a",
    "https://esm.sh/node-gyp-build@4.8.4/denonext/node-gyp-build.mjs": "9a86f2d044fc77bd60aaa3d697c2ba1b818da5fb1b9aaeedec59a40b8e908803",
    "https://esm.sh/node-gyp-build@4.8.4?target=denonext": "261a6cedf1fdbf159798141ba1e2311ac1510682c5c8b55dacc8cf5fdee4aa06",
    "https://esm.sh/tr46@0.0.3/denonext/tr46.mjs": "5753ec0a99414f4055f0c1f97691100f13d88e48a8443b00aebb90a512785fa2",
    "https://esm.sh/tr46@0.0.3?target=denonext": "19cb9be0f0d418a0c3abb81f2df31f080e9540a04e43b0f699bce1149cba0cbb",
    "https://esm.sh/utf-8-validate@6.0.6/denonext/utf-8-validate.mjs": "4a41983aa887625615f52a52b53c223d8f16c74e52a6bd41b2c361894c07f878",
    "https://esm.sh/utf-8-validate@6.0.6?target=denonext": "8afa4e097093160323f232f971ca61474d22ccafdac8025e4e4f66ab4e07b2c4",
    "https://esm.sh/webidl-conversions@3.0.1/denonext/webidl-conversions.mjs": "238cd0743827707cbc1c2d7c2cf1027dbc536fb53ec9a3fde0ff8026a3ac5385",
    "https://esm.sh/webidl-conversions@3.0.1?target=denonext": "4e20318d50528084616c79d7b3f6e7f0fe7b6d09013bd01b3974d7448d767e29",
    "https://esm.sh/whatwg-url@5.0.0/denonext/whatwg-url.mjs": "29b16d74ee72624c915745bbd25b617cfd2248c6af0f5120d131e232a9a9af79",
    "https://esm.sh/whatwg-url@5.0.0?target=denonext": "f001a2cadf81312d214ca330033f474e74d81a003e21e8c5d70a1f46dc97b02d",
    "https://esm.sh/ws@8.22.0/denonext/ws.mjs": "0cac6d3c7ccb1208d7d52bdd4f91db1382e8b1a669d821a97acf031cfd52dd8e",
    "https://esm.sh/ws@8.22.0?target=denonext": "b4489914c45f6c5f85f6ec465d4630460a65db020fc9ea42fd30fc58a9a5266d"
  },
  "workspace": {
    "packageJson": {
      "dependencies": [
        "npm:@supabase/supabase-js@^2.112.0",
        "npm:dotenv@^17.4.2",
        "npm:pg@^8.23.0",
        "npm:postgres@^3.4.9",
        "npm:xlsx@~0.18.5"
      ]
    }
  }
}
